
Microsoft Visual Studio Solution File, Format Version 12.00
# Visual Studio Version 16
VisualStudioVersion = 16.0.31025.194
MinimumVisualStudioVersion = 10.0.40219.1
Project("{FAE04EC0-301F-11D3-BF4B-00C04F79EFBC}") = "AzureFuncRestApi", "AzureFuncRestApi\AzureFuncRestApi.csproj", "{7DF65F2B-9F8F-4975-A196-51E13545D501}"
EndProject
Global
	GlobalSection(SolutionConfigurationPlatforms) = preSolution
		Debug|Any CPU = Debug|Any CPU
		Release|Any CPU = Release|Any CPU
	EndGlobalSection
	GlobalSection(ProjectConfigurationPlatforms) = postSolution
		{7DF65F2B-9F8F-4975-A196-51E13545D501}.Debug|Any CPU.ActiveCfg = Debug|Any CPU
		{7DF65F2B-9F8F-4975-A196-51E13545D501}.Debug|Any CPU.Build.0 = Debug|Any CPU
		{7DF65F2B-9F8F-4975-A196-51E13545D501}.Release|Any CPU.ActiveCfg = Release|Any CPU
		{7DF65F2B-9F8F-4975-A196-51E13545D501}.Release|Any CPU.Build.0 = Release|Any CPU
	EndGlobalSection
	GlobalSection(SolutionProperties) = preSolution
		HideSolutionNode = FALSE
	EndGlobalSection
	GlobalSection(ExtensibilityGlobals) = postSolution
		SolutionGuid = {4F65904F-80BF-432C-8BB5-F23972B95B77}
	EndGlobalSection
EndGlobal
